PODS:
  - libPhoneNumber-iOS (0.9.13)

DEPENDENCIES:
  - libPhoneNumber-iOS

SPEC REPOS:
  https://github.com/cocoapods/specs.git:
    - libPhoneNumber-iOS

SPEC CHECKSUMS:
  libPhoneNumber-iOS: e444379ac18bbfbdefad571da735b2cd7e096caa

PODFILE CHECKSUM: 551be69b84b61c8bf29bfa402d0ebe8637dd419d

COCOAPODS: 1.5.3
